
Microsoft Visual Studio Solution File, Format Version 12.00
# Visual Studio Version 17
VisualStudioVersion = 17.5.33516.290
MinimumVisualStudioVersion = 10.0.40219.1
Project("{FAE04EC0-301F-11D3-BF4B-00C04F79EFBC}") = "Fibonacci_Validate", "Fibonacci_Validate.csproj", "{5EF6487D-1B41-4BAB-BD04-127D6E790B8F}"
EndProject
Global
	GlobalSection(SolutionConfigurationPlatforms) = preSolution
		Debug|Any CPU = Debug|Any CPU
		Release|Any CPU = Release|Any CPU
	EndGlobalSection
	GlobalSection(ProjectConfigurationPlatforms) = postSolution
		{5EF6487D-1B41-4BAB-BD04-127D6E790B8F}.Debug|Any CPU.ActiveCfg = Debug|Any CPU
		{5EF6487D-1B41-4BAB-BD04-127D6E790B8F}.Debug|Any CPU.Build.0 = Debug|Any CPU
		{5EF6487D-1B41-4BAB-BD04-127D6E790B8F}.Release|Any CPU.ActiveCfg = Release|Any CPU
		{5EF6487D-1B41-4BAB-BD04-127D6E790B8F}.Release|Any CPU.Build.0 = Release|Any CPU
	EndGlobalSection
	GlobalSection(SolutionProperties) = preSolution
		HideSolutionNode = FALSE
	EndGlobalSection
	GlobalSection(ExtensibilityGlobals) = postSolution
		SolutionGuid = {5F2CEA60-BB3A-42A5-8463-B5EE9B00F7E2}
	EndGlobalSection
EndGlobal
